PODS:
  - OneTrust-CMP-XCFramework (202308.2.6.0)

DEPENDENCIES:
  - OneTrust-CMP-XCFramework (from `../`)

EXTERNAL SOURCES:
  OneTrust-CMP-XCFramework:
    :path: "../"

SPEC CHECKSUMS:
  OneTrust-CMP-XCFramework: 1077cbf65234be9e058a84cc38a50349f06ec48b

PODFILE CHECKSUM: e3c25fe27df02c48eceb1779c19ea6edbf0babeb

COCOAPODS: 1.12.1
